// !$*UTF8*$!
{
	archiveVersion = 1;
	classes = {
	};
	objectVersion = 50;
	objects = {

/* Begin PBXBuildFile section */
		25167D39215CC1B3004BEF06 /* AppDelegate.m in Sources */ = {isa = PBXBuildFile; fileRef = 25167D38215CC1B3004BEF06 /* AppDelegate.m */; };
		25167D3C215CC1B3004BEF06 /* ViewController.m in Sources */ = {isa = PBXBuildFile; fileRef = 25167D3B215CC1B3004BEF06 /* ViewController.m */; };
		25167D3F215CC1B3004BEF06 /* Main.storyboard in Resources */ = {isa = PBXBuildFile; fileRef = 25167D3D215CC1B3004BEF06 /* Main.storyboard */; };
		25167D41215CC1B5004BEF06 /* Assets.xcassets in Resources */ = {isa = PBXBuildFile; fileRef = 25167D40215CC1B5004BEF06 /* Assets.xcassets */; };
		25167D44215CC1B5004BEF06 /* LaunchScreen.storyboard in Resources */ = {isa = PBXBuildFile; fileRef = 25167D42215CC1B5004BEF06 /* LaunchScreen.storyboard */; };
		25167D47215CC1B5004BEF06 /* main.m in Sources */ = {isa = PBXBuildFile; fileRef = 25167D46215CC1B5004BEF06 /* main.m */; };
/* End PBXBuildFile section */

/* Begin PBXFileReference section */
		25167D34215CC1B3004BEF06 /* MHDynamicTableHeaderPrj.app */ = {isa = PBXFileReference; explicitFileType = wrapper.application; includeInIndex = 0; path = MHDynamicTableHeaderPrj.app; sourceTree = BUILT_PRODUCTS_DIR; };
		25167D37215CC1B3004BEF06 /* AppDelegate.h */ = {isa = PBXFileReference; lastKnownFileType = sourcecode.c.h; path = AppDelegate.h; sourceTree = "<group>"; };
		25167D38215CC1B3004BEF06 /* AppDelegate.m */ = {isa = PBXFileReference; lastKnownFileType = sourcecode.c.objc; path = AppDelegate.m; sourceTree = "<group>"; };
		25167D3A215CC1B3004BEF06 /* ViewController.h */ = {isa = PBXFileReference; lastKnownFileType = sourcecode.c.h; path = ViewController.h; sourceTree = "<group>"; };
		25167D3B215CC1B3004BEF06 /* ViewController.m */ = {isa = PBXFileReference; lastKnownFileType = sourcecode.c.objc; path = ViewController.m; sourceTree = "<group>"; };
		25167D3E215CC1B3004BEF06 /* Base */ = {isa = PBXFileReference; lastKnownFileType = file.storyboard; name = Base; path = Base.lproj/Main.storyboard; sourceTree = "<group>"; };
		25167D40215CC1B5004BEF06 /* Assets.xcassets */ = {isa = PBXFileReference; lastKnownFileType = folder.assetcatalog; path = Assets.xcassets; sourceTree = "<group>"; };
		25167D43215CC1B5004BEF06 /* Base */ = {isa = PBXFileReference; lastKnownFileType = file.storyboard; name = Base; path = Base.lproj/LaunchScreen.storyboard; sourceTree = "<group>"; };
		25167D45215CC1B5004BEF06 /* Info.plist */ = {isa = PBXFileReference; lastKnownFileType = text.plist.xml; path = Info.plist; sourceTree = "<group>"; };
		25167D46215CC1B5004BEF06 /* main.m */ = {isa = PBXFileReference; lastKnownFileType = sourcecode.c.objc; path = main.m; sourceTree = "<group>"; };
/* End PBXFileReference section */

/* Begin PBXFrameworksBuildPhase section */
		25167D31215CC1B3004BEF06 /* Frameworks */ = {
			isa = PBXFrameworksBuildPhase;
			buildActionMask = 2147483647;
			files = (
			);
			runOnlyForDeploymentPostprocessing = 0;
		};
/* End PBXFrameworksBuildPhase section */

/* Begin PBXGroup section */
		25167D2B215CC1B3004BEF06 = {
			isa = PBXGroup;
			children = (
				25167D36215CC1B3004BEF06 /* MHDynamicTableHeaderPrj */,
				25167D35215CC1B3004BEF06 /* Products */,
			);
			sourceTree = "<group>";
		};
		25167D35215CC1B3004BEF06 /* Products */ = {
			isa = PBXGroup;
			children = (
				25167D34215CC1B3004BEF06 /* MHDynamicTableHeaderPrj.app */,
			);
			name = Products;
			sourceTree = "<group>";
		};
		25167D36215CC1B3004BEF06 /* MHDynamicTableHeaderPrj */ = {
			isa = PBXGroup;
			children = (
				25167D37215CC1B3004BEF06 /* AppDelegate.h */,
				25167D38215CC1B3004BEF06 /* AppDelegate.m */,
				25167D3A215CC1B3004BEF06 /* ViewController.h */,
				25167D3B215CC1B3004BEF06 /* ViewController.m */,
				25167D3D215CC1B3004BEF06 /* Main.storyboard */,
				25167D40215CC1B5004BEF06 /* Assets.xcassets */,
				25167D42215CC1B5004BEF06 /* LaunchScreen.storyboard */,
				25167D45215CC1B5004BEF06 /* Info.plist */,
				25167D46215CC1B5004BEF06 /* main.m */,
			);
			path = MHDynamicTableHeaderPrj;
			sourceTree = "<group>";
		};
/* End PBXGroup section */

/* Begin PBXNativeTarget section */
		25167D33215CC1B3004BEF06 /* MHDynamicTableHeaderPrj */ = {
			isa = PBXNativeTarget;
			buildConfigurationList = 25167D4A215CC1B5004BEF06 /* Build configuration list for PBXNativeTarget "MHDynamicTableHeaderPrj" */;
			buildPhases = (
				25167D30215CC1B3004BEF06 /* Sources */,
				25167D31215CC1B3004BEF06 /* Frameworks */,
				25167D32215CC1B3004BEF06 /* Resources */,
			);
			buildRules = (
			);
			dependencies = (
			);
			name = MHDynamicTableHeaderPrj;
			productName = MHDynamicTableHeaderPrj;
			productReference = 25167D34215CC1B3004BEF06 /* MHDynamicTableHeaderPrj.app */;
			productType = "com.apple.product-type.application";
		};
/* End PBXNativeTarget section */

/* Begin PBXProject section */
		25167D2C215CC1B3004BEF06 /* Project object */ = {
			isa = PBXProject;
			attributes = {
				LastUpgradeCheck = 1000;
				ORGANIZATIONNAME = "孟弘";
				TargetAttributes = {
					25167D33215CC1B3004BEF06 = {
						CreatedOnToolsVersion = 10.0;
					};
				};
			};
			buildConfigurationList = 25167D2F215CC1B3004BEF06 /* Build configuration list for PBXProject "MHDynamicTableHeaderPrj" */;
			compatibilityVersion = "Xcode 9.3";
			developmentRegion = en;
			hasScannedForEncodings = 0;
			knownRegions = (
				en,
				Base,
			);
			mainGroup = 25167D2B215CC1B3004BEF06;
			productRefGroup = 25167D35215CC1B3004BEF06 /* Products */;
			projectDirPath = "";
			projectRoot = "";
			targets = (
				25167D33215CC1B3004BEF06 /* MHDynamicTableHeaderPrj */,
			);
		};
/* End PBXProject section */

/* Begin PBXResourcesBuildPhase section */
		25167D32215CC1B3004BEF06 /* Resources */ = {
			isa = PBXResourcesBuildPhase;
			buildActionMask = 2147483647;
			files = (
				25167D44215CC1B5004BEF06 /* LaunchScreen.storyboard in Resources */,
				25167D41215CC1B5004BEF06 /* Assets.xcassets in Resources */,
				25167D3F215CC1B3004BEF06 /* Main.storyboard in Resources */,
			);
			runOnlyForDeploymentPostprocessing = 0;
		};
/* End PBXResourcesBuildPhase section */

/* Begin PBXSourcesBuildPhase section */
		25167D30215CC1B3004BEF06 /* Sources */ = {
			isa = PBXSourcesBuildPhase;
			buildActionMask = 2147483647;
			files = (
				25167D3C215CC1B3004BEF06 /* ViewController.m in Sources */,
				25167D47215CC1B5004BEF06 /* main.m in Sources */,
				25167D39215CC1B3004BEF06 /* AppDelegate.m in Sources */,
			);
			runOnlyForDeploymentPostprocessing = 0;
		};
/* End PBXSourcesBuildPhase section */

/* Begin PBXVariantGroup section */
		25167D3D215CC1B3004BEF06 /* Main.storyboard */ = {
			isa = PBXVariantGroup;
			children = (
				25167D3E215CC1B3004BEF06 /* Base */,
			);
			name = Main.storyboard;
			sourceTree = "<group>";
		};
		25167D42215CC1B5004BEF06 /* LaunchScreen.storyboard */ = {
			isa = PBXVariantGroup;
			children = (
				25167D43215CC1B5004BEF06 /* Base */,
			);
			name = LaunchScreen.storyboard;
			sourceTree = "<group>";
		};
/* End PBXVariantGroup section */

/* Begin XCBuildConfiguration section */
		25167D48215CC1B5004BEF06 /* Debug */ = {
			isa = XCBuildConfiguration;
			buildSettings = {
				ALWAYS_SEARCH_USER_PATHS = NO;
				CLANG_ANALYZER_NONNULL = YES;
				CLANG_ANALYZER_NUMBER_OBJECT_CONVERSION = YES_AGGRESSIVE;
				CLANG_CXX_LANGUAGE_STANDARD = "gnu++14";
				CLANG_CXX_LIBRARY = "libc++";
				CLANG_ENABLE_MODULES = YES;
				CLANG_ENABLE_OBJC_ARC = YES;
				CLANG_ENABLE_OBJC_WEAK = YES;
				CLANG_WARN_BLOCK_CAPTURE_AUTORELEASING = YES;
				CLANG_WARN_BOOL_CONVERSION = YES;
				CLANG_WARN_COMMA = YES;
				CLANG_WARN_CONSTANT_CONVERSION = YES;
				CLANG_WARN_DEPRECATED_OBJC_IMPLEMENTATIONS = YES;
				CLANG_WARN_DIRECT_OBJC_ISA_USAGE = YES_ERROR;
				CLANG_WARN_DOCUMENTATION_COMMENTS = YES;
				CLANG_WARN_EMPTY_BODY = YES;
				CLANG_WARN_ENUM_CONVERSION = YES;
				CLANG_WARN_INFINITE_RECURSION = YES;
				CLANG_WARN_INT_CONVERSION = YES;
				CLANG_WARN_NON_LITERAL_NULL_CONVERSION = YES;
				CLANG_WARN_OBJC_IMPLICIT_RETAIN_SELF = YES;
				CLANG_WARN_OBJC_LITERAL_CONVERSION = YES;
				CLANG_WARN_OBJC_ROOT_CLASS = YES_ERROR;
				CLANG_WARN_RANGE_LOOP_ANALYSIS = YES;
				CLANG_WARN_STRICT_PROTOTYPES = YES;
				CLANG_WARN_SUSPICIOUS_MOVE = YES;
				CLANG_WARN_UNGUARDED_AVAILABILITY = YES_AGGRESSIVE;
				CLANG_WARN_UNREACHABLE_CODE = YES;
				CLANG_WARN__DUPLICATE_METHOD_MATCH = YES;
				CODE_SIGN_IDENTITY = "iPhone Developer";
				COPY_PHASE_STRIP = NO;
				DEBUG_INFORMATION_FORMAT = dwarf;
				ENABLE_STRICT_OBJC_MSGSEND = YES;
				ENABLE_TESTABILITY = YES;
				GCC_C_LANGUAGE_STANDARD = gnu11;
				GCC_DYNAMIC_NO_PIC = NO;
				GCC_NO_COMMON_BLOCKS = YES;
				GCC_OPTIMIZATION_LEVEL = 0;
				GCC_PREPROCESSOR_DEFINITIONS = (
					"DEBUG=1",
					"$(inherited)",
				);
				GCC_WARN_64_TO_32_BIT_CONVERSION = YES;
				GCC_WARN_ABOUT_RETURN_TYPE = YES_ERROR;
				GCC_WARN_UNDECLARED_SELECTOR = YES;
				GCC_WARN_UNINITIALIZED_AUTOS = YES_AGGRESSIVE;
				GCC_WARN_UNUSED_FUNCTION = YES;
				GCC_WARN_UNUSED_VARIABLE = YES;
				IPHONEOS_DEPLOYMENT_TARGET = 12.0;
				MTL_ENABLE_DEBUG_INFO = INCLUDE_SOURCE;
				MTL_FAST_MATH = YES;
				ONLY_ACTIVE_ARCH = YES;
				SDKROOT = iphoneos;
			};
			name = Debug;
		};
		25167D49215CC1B5004BEF06 /* Release */ = {
			isa = XCBuildConfiguration;
			buildSettings = {
				ALWAYS_SEARCH_USER_PATHS = NO;
				CLANG_ANALYZER_NONNULL = YES;
				CLANG_ANALYZER_NUMBER_OBJECT_CONVERSION = YES_AGGRESSIVE;
				CLANG_CXX_LANGUAGE_STANDARD = "gnu++14";
				CLANG_CXX_LIBRARY = "libc++";
				CLANG_ENABLE_MODULES = YES;
				CLANG_ENABLE_OBJC_ARC = YES;
				CLANG_ENABLE_OBJC_WEAK = YES;
				CLANG_WARN_BLOCK_CAPTURE_AUTORELEASING = YES;
				CLANG_WARN_BOOL_CONVERSION = YES;
				CLANG_WARN_COMMA = YES;
				CLANG_WARN_CONSTANT_CONVERSION = YES;
				CLANG_WARN_DEPRECATED_OBJC_IMPLEMENTATIONS = YES;
				CLANG_WARN_DIRECT_OBJC_ISA_USAGE = YES_ERROR;
				CLANG_WARN_DOCUMENTATION_COMMENTS = YES;
				CLANG_WARN_EMPTY_BODY = YES;
				CLANG_WARN_ENUM_CONVERSION = YES;
				CLANG_WARN_INFINITE_RECURSION = YES;
				CLANG_WARN_INT_CONVERSION = YES;
				CLANG_WARN_NON_LITERAL_NULL_CONVERSION = YES;
				CLANG_WARN_OBJC_IMPLICIT_RETAIN_SELF = YES;
				CLANG_WARN_OBJC_LITERAL_CONVERSION = YES;
				CLANG_WARN_OBJC_ROOT_CLASS = YES_ERROR;
				CLANG_WARN_RANGE_LOOP_ANALYSIS = YES;
				CLANG_WARN_STRICT_PROTOTYPES = YES;
				CLANG_WARN_SUSPICIOUS_MOVE = YES;
				CLANG_WARN_UNGUARDED_AVAILABILITY = YES_AGGRESSIVE;
				CLANG_WARN_UNREACHABLE_CODE = YES;
				CLANG_WARN__DUPLICATE_METHOD_MATCH = YES;
				CODE_SIGN_IDENTITY = "iPhone Developer";
				COPY_PHASE_STRIP = NO;
				DEBUG_INFORMATION_FORMAT = "dwarf-with-dsym";
				ENABLE_NS_ASSERTIONS = NO;
				ENABLE_STRICT_OBJC_MSGSEND = YES;
				GCC_C_LANGUAGE_STANDARD = gnu11;
				GCC_NO_COMMON_BLOCKS = YES;
				GCC_WARN_64_TO_32_BIT_CONVERSION = YES;
				GCC_WARN_ABOUT_RETURN_TYPE = YES_ERROR;
				GCC_WARN_UNDECLARED_SELECTOR = YES;
				GCC_WARN_UNINITIALIZED_AUTOS = YES_AGGRESSIVE;
				GCC_WARN_UNUSED_FUNCTION = YES;
				GCC_WARN_UNUSED_VARIABLE = YES;
				IPHONEOS_DEPLOYMENT_TARGET = 12.0;
				MTL_ENABLE_DEBUG_INFO = NO;
				MTL_FAST_MATH = YES;
				SDKROOT = iphoneos;
				VALIDATE_PRODUCT = YES;
			};
			name = Release;
		};
		25167D4B215CC1B5004BEF06 /* Debug */ = {
			isa = XCBuildConfiguration;
			buildSettings = {
				ASSETCATALOG_COMPILER_APPICON_NAME = AppIcon;
				CODE_SIGN_STYLE = Automatic;
				DEVELOPMENT_TEAM = 27MWA5M4VQ;
				INFOPLIST_FILE = MHDynamicTableHeaderPrj/Info.plist;
				LD_RUNPATH_SEARCH_PATHS = (
					"$(inherited)",
					"@executable_path/Frameworks",
				);
				PRODUCT_BUNDLE_IDENTIFIER = com.rzy.MHDynamicTableHeaderPrj;
				PRODUCT_NAME = "$(TARGET_NAME)";
				TARGETED_DEVICE_FAMILY = "1,2";
			};
			name = Debug;
		};
		25167D4C215CC1B5004BEF06 /* Release */ = {
			isa = XCBuildConfiguration;
			buildSettings = {
				ASSETCATALOG_COMPILER_APPICON_NAME = AppIcon;
				CODE_SIGN_STYLE = Automatic;
				DEVELOPMENT_TEAM = 27MWA5M4VQ;
				INFOPLIST_FILE = MHDynamicTableHeaderPrj/Info.plist;
				LD_RUNPATH_SEARCH_PATHS = (
					"$(inherited)",
					"@executable_path/Frameworks",
				);
				PRODUCT_BUNDLE_IDENTIFIER = com.rzy.MHDynamicTableHeaderPrj;
				PRODUCT_NAME = "$(TARGET_NAME)";
				TARGETED_DEVICE_FAMILY = "1,2";
			};
			name = Release;
		};
/* End XCBuildConfiguration section */

/* Begin XCConfigurationList section */
		25167D2F215CC1B3004BEF06 /* Build configuration list for PBXProject "MHDynamicTableHeaderPrj" */ = {
			isa = XCConfigurationList;
			buildConfigurations = (
				25167D48215CC1B5004BEF06 /* Debug */,
				25167D49215CC1B5004BEF06 /* Release */,
			);
			defaultConfigurationIsVisible = 0;
			defaultConfigurationName = Release;
		};
		25167D4A215CC1B5004BEF06 /* Build configuration list for PBXNativeTarget "MHDynamicTableHeaderPrj" */ = {
			isa = XCConfigurationList;
			buildConfigurations = (
				25167D4B215CC1B5004BEF06 /* Debug */,
				25167D4C215CC1B5004BEF06 /* Release */,
			);
			defaultConfigurationIsVisible = 0;
			defaultConfigurationName = Release;
		};
/* End XCConfigurationList section */
	};
	rootObject = 25167D2C215CC1B3004BEF06 /* Project object */;
}
